
Microsoft Visual Studio Solution File, Format Version 12.00
# Visual Studio Version 16
VisualStudioVersion = 16.0.30413.136
MinimumVisualStudioVersion = 10.0.40219.1
Project("{9A19103F-16F7-4668-BE54-9A1E7A4F7556}") = "QAssistant", "QAssistant\QAssistant.csproj", "{38402B22-E2CE-4861-91A6-F54EDC940694}"
EndProject
Project("{9A19103F-16F7-4668-BE54-9A1E7A4F7556}") = "Tests", "Tests\Tests.csproj", "{CFEC3AFD-A09B-47B9-952F-3BB1182AFB86}"
EndProject
Global
	GlobalSection(SolutionConfigurationPlatforms) = preSolution
		Debug|Any CPU = Debug|Any CPU
		Release|Any CPU = Release|Any CPU
	EndGlobalSection
	GlobalSection(ProjectConfigurationPlatforms) = postSolution
		{38402B22-E2CE-4861-91A6-F54EDC940694}.Debug|Any CPU.ActiveCfg = Debug|Any CPU
		{38402B22-E2CE-4861-91A6-F54EDC940694}.Debug|Any CPU.Build.0 = Debug|Any CPU
		{38402B22-E2CE-4861-91A6-F54EDC940694}.Release|Any CPU.ActiveCfg = Release|Any CPU
		{38402B22-E2CE-4861-91A6-F54EDC940694}.Release|Any CPU.Build.0 = Release|Any CPU
		{CFEC3AFD-A09B-47B9-952F-3BB1182AFB86}.Debug|Any CPU.ActiveCfg = Debug|Any CPU
		{CFEC3AFD-A09B-47B9-952F-3BB1182AFB86}.Debug|Any CPU.Build.0 = Debug|Any CPU
		{CFEC3AFD-A09B-47B9-952F-3BB1182AFB86}.Release|Any CPU.ActiveCfg = Release|Any CPU
		{CFEC3AFD-A09B-47B9-952F-3BB1182AFB86}.Release|Any CPU.Build.0 = Release|Any CPU
	EndGlobalSection
	GlobalSection(SolutionProperties) = preSolution
		HideSolutionNode = FALSE
	EndGlobalSection
	GlobalSection(ExtensibilityGlobals) = postSolution
		SolutionGuid = {5B0DE362-1646-466F-B586-629E4EDBBDD4}
	EndGlobalSection
EndGlobal
